
Microsoft Visual Studio Solution File, Format Version 12.00
# Visual Studio Version 16
VisualStudioVersion = 16.0.29613.14
MinimumVisualStudioVersion = 10.0.40219.1
Project("{9A19103F-16F7-4668-BE54-9A1E7A4F7556}") = "Receiver", "Receiver\Receiver.csproj", "{1D31EA2E-7BCF-4C66-8AD8-86EBCFCA7D2F}"
EndProject
Project("{9A19103F-16F7-4668-BE54-9A1E7A4F7556}") = "Publisher", "Publisher\Publisher.csproj", "{C88FF6A2-76AC-4774-A34D-6C349CBAABCC}"
EndProject
Project("{2150E333-8FDC-42A3-9474-1A3956D46DE8}") = "Services", "Services", "{AB7A6189-76E6-4948-A2D8-F93D24CBF3CE}"
	ProjectSection(SolutionItems) = preProject
		..\..\Lab1\Fibonacci.cs = ..\..\Lab1\Fibonacci.cs
	EndProjectSection
EndProject
Global
	GlobalSection(SolutionConfigurationPlatforms) = preSolution
		Debug|Any CPU = Debug|Any CPU
		Release|Any CPU = Release|Any CPU
	EndGlobalSection
	GlobalSection(ProjectConfigurationPlatforms) = postSolution
		{1D31EA2E-7BCF-4C66-8AD8-86EBCFCA7D2F}.Debug|Any CPU.ActiveCfg = Debug|Any CPU
		{1D31EA2E-7BCF-4C66-8AD8-86EBCFCA7D2F}.Debug|Any CPU.Build.0 = Debug|Any CPU
		{1D31EA2E-7BCF-4C66-8AD8-86EBCFCA7D2F}.Release|Any CPU.ActiveCfg = Release|Any CPU
		{1D31EA2E-7BCF-4C66-8AD8-86EBCFCA7D2F}.Release|Any CPU.Build.0 = Release|Any CPU
		{C88FF6A2-76AC-4774-A34D-6C349CBAABCC}.Debug|Any CPU.ActiveCfg = Debug|Any CPU
		{C88FF6A2-76AC-4774-A34D-6C349CBAABCC}.Debug|Any CPU.Build.0 = Debug|Any CPU
		{C88FF6A2-76AC-4774-A34D-6C349CBAABCC}.Release|Any CPU.ActiveCfg = Release|Any CPU
		{C88FF6A2-76AC-4774-A34D-6C349CBAABCC}.Release|Any CPU.Build.0 = Release|Any CPU
	EndGlobalSection
	GlobalSection(SolutionProperties) = preSolution
		HideSolutionNode = FALSE
	EndGlobalSection
	GlobalSection(ExtensibilityGlobals) = postSolution
		SolutionGuid = {2B5B6FC5-0F53-4A37-B449-0E71797FCFFB}
	EndGlobalSection
EndGlobal
