
Microsoft Visual Studio Solution File, Format Version 12.00
# Visual Studio Version 16
VisualStudioVersion = 16.0.29613.14
MinimumVisualStudioVersion = 10.0.40219.1
Project("{FAE04EC0-301F-11D3-BF4B-00C04F79EFBC}") = "EventSource", "EventSource\EventSource.csproj", "{079AC555-3C0E-465B-BEF2-F661F1203F24}"
EndProject
Global
	GlobalSection(SolutionConfigurationPlatforms) = preSolution
		Debug|Any CPU = Debug|Any CPU
		Release|Any CPU = Release|Any CPU
	EndGlobalSection
	GlobalSection(ProjectConfigurationPlatforms) = postSolution
		{079AC555-3C0E-465B-BEF2-F661F1203F24}.Debug|Any CPU.ActiveCfg = Debug|Any CPU
		{079AC555-3C0E-465B-BEF2-F661F1203F24}.Debug|Any CPU.Build.0 = Debug|Any CPU
		{079AC555-3C0E-465B-BEF2-F661F1203F24}.Release|Any CPU.ActiveCfg = Release|Any CPU
		{079AC555-3C0E-465B-BEF2-F661F1203F24}.Release|Any CPU.Build.0 = Release|Any CPU
	EndGlobalSection
	GlobalSection(SolutionProperties) = preSolution
		HideSolutionNode = FALSE
	EndGlobalSection
	GlobalSection(ExtensibilityGlobals) = postSolution
		SolutionGuid = {91F5D47C-66F9-4516-8398-7DB1871F0DD2}
	EndGlobalSection
EndGlobal
